
Microsoft Visual Studio Solution File, Format Version 12.00
# Visual Studio Version 17
VisualStudioVersion = 17.9.34728.123
MinimumVisualStudioVersion = 10.0.40219.1
Project("{FAE04EC0-301F-11D3-BF4B-00C04F79EFBC}") = "Drawing", "Drawing.csproj", "{303FBB47-1CFB-4F55-8D00-17FA4A6BF6BA}"
EndProject
Global
	GlobalSection(SolutionConfigurationPlatforms) = preSolution
		Debug|Any CPU = Debug|Any CPU
		Release|Any CPU = Release|Any CPU
	EndGlobalSection
	GlobalSection(ProjectConfigurationPlatforms) = postSolution
		{303FBB47-1CFB-4F55-8D00-17FA4A6BF6BA}.Debug|Any CPU.ActiveCfg = Debug|Any CPU
		{303FBB47-1CFB-4F55-8D00-17FA4A6BF6BA}.Debug|Any CPU.Build.0 = Debug|Any CPU
		{303FBB47-1CFB-4F55-8D00-17FA4A6BF6BA}.Release|Any CPU.ActiveCfg = Release|Any CPU
		{303FBB47-1CFB-4F55-8D00-17FA4A6BF6BA}.Release|Any CPU.Build.0 = Release|Any CPU
	EndGlobalSection
	GlobalSection(SolutionProperties) = preSolution
		HideSolutionNode = FALSE
	EndGlobalSection
	GlobalSection(ExtensibilityGlobals) = postSolution
		SolutionGuid = {612691CF-06E2-4DF7-9AC8-E5CB9D445729}
	EndGlobalSection
EndGlobal
